
Microsoft Visual Studio Solution File, Format Version 12.00
# Visual Studio 2015
Project("{FAE04EC0-301F-11D3-BF4B-00C04F79EFBC}") = "GGJ2017_woolfy", "GGJ2017_woolfy.csproj", "{97A520A4-E719-0CE5-2D82-447755E082A7}"
EndProject
Global
	GlobalSection(SolutionConfigurationPlatforms) = preSolution
		Debug|Any CPU = Debug|Any CPU
		Release|Any CPU = Release|Any CPU
	EndGlobalSection
	GlobalSection(ProjectConfigurationPlatforms) = postSolution
		{97A520A4-E719-0CE5-2D82-447755E082A7}.Debug|Any CPU.ActiveCfg = Debug|Any CPU
		{97A520A4-E719-0CE5-2D82-447755E082A7}.Debug|Any CPU.Build.0 = Debug|Any CPU
		{97A520A4-E719-0CE5-2D82-447755E082A7}.Release|Any CPU.ActiveCfg = Release|Any CPU
		{97A520A4-E719-0CE5-2D82-447755E082A7}.Release|Any CPU.Build.0 = Release|Any CPU
	EndGlobalSection
	GlobalSection(SolutionProperties) = preSolution
		HideSolutionNode = FALSE
	EndGlobalSection
EndGlobal
